
Microsoft Visual Studio Solution File, Format Version 12.00
# Visual Studio 15
VisualStudioVersion = 15.0.27703.2000
MinimumVisualStudioVersion = 10.0.40219.1
Project("{FAE04EC0-301F-11D3-BF4B-00C04F79EFBC}") = "C sharp test", "C sharp test\C sharp test.csproj", "{B9BEA592-2AD7-4FD8-9AC0-7050DDBC4AEE}"
EndProject
Global
	GlobalSection(SolutionConfigurationPlatforms) = preSolution
		Debug|Any CPU = Debug|Any CPU
		Release|Any CPU = Release|Any CPU
	EndGlobalSection
	GlobalSection(ProjectConfigurationPlatforms) = postSolution
		{B9BEA592-2AD7-4FD8-9AC0-7050DDBC4AEE}.Debug|Any CPU.ActiveCfg = Debug|Any CPU
		{B9BEA592-2AD7-4FD8-9AC0-7050DDBC4AEE}.Debug|Any CPU.Build.0 = Debug|Any CPU
		{B9BEA592-2AD7-4FD8-9AC0-7050DDBC4AEE}.Release|Any CPU.ActiveCfg = Release|Any CPU
		{B9BEA592-2AD7-4FD8-9AC0-7050DDBC4AEE}.Release|Any CPU.Build.0 = Release|Any CPU
	EndGlobalSection
	GlobalSection(SolutionProperties) = preSolution
		HideSolutionNode = FALSE
	EndGlobalSection
	GlobalSection(ExtensibilityGlobals) = postSolution
		SolutionGuid = {18E407C8-6889-4D48-A80E-F9E25ED534DA}
	EndGlobalSection
EndGlobal
